// !$*UTF8*$!
{
	archiveVersion = 1;
	classes = {
	};
	objectVersion = 55;
	objects = {

/* Begin PBXBuildFile section */
		D30FE12D2859E4B100122F94 /* AppDelegate.swift in Sources */ = {isa = PBXBuildFile; fileRef = D30FE12C2859E4B100122F94 /* AppDelegate.swift */; };
		D30FE12F2859E4B100122F94 /* SceneDelegate.swift in Sources */ = {isa = PBXBuildFile; fileRef = D30FE12E2859E4B100122F94 /* SceneDelegate.swift */; };
		D30FE1312859E4B100122F94 /* ViewController.swift in Sources */ = {isa = PBXBuildFile; fileRef = D30FE1302859E4B100122F94 /* ViewController.swift */; };
		D30FE1342859E4B100122F94 /* Main.storyboard in Resources */ = {isa = PBXBuildFile; fileRef = D30FE1322859E4B100122F94 /* Main.storyboard */; };
		D30FE1362859E4B300122F94 /* Assets.xcassets in Resources */ = {isa = PBXBuildFile; fileRef = D30FE1352859E4B300122F94 /* Assets.xcassets */; };
		D30FE1392859E4B300122F94 /* LaunchScreen.storyboard in Resources */ = {isa = PBXBuildFile; fileRef = D30FE1372859E4B300122F94 /* LaunchScreen.storyboard */; };
		D30FE1442859E4B300122F94 /* MyFirstIOSTests.swift in Sources */ = {isa = PBXBuildFile; fileRef = D30FE1432859E4B300122F94 /* MyFirstIOSTests.swift */; };
		D30FE14E2859E4B300122F94 /* MyFirstIOSUITests.swift in Sources */ = {isa = PBXBuildFile; fileRef = D30FE14D2859E4B300122F94 /* MyFirstIOSUITests.swift */; };
		D30FE1502859E4B300122F94 /* MyFirstIOSUITestsLaunchTests.swift in Sources */ = {isa = PBXBuildFile; fileRef = D30FE14F2859E4B300122F94 /* MyFirstIOSUITestsLaunchTests.swift */; };
/* End PBXBuildFile section */

/* Begin PBXContainerItemProxy section */
		D30FE1402859E4B300122F94 /* PBXContainerItemProxy */ = {
			isa = PBXContainerItemProxy;
			containerPortal = D30FE1212859E4B100122F94 /* Project object */;
			proxyType = 1;
			remoteGlobalIDString = D30FE1282859E4B100122F94;
			remoteInfo = MyFirstIOS;
		};
		D30FE14A2859E4B300122F94 /* PBXContainerItemProxy */ = {
			isa = PBXContainerItemProxy;
			containerPortal = D30FE1212859E4B100122F94 /* Project object */;
			proxyType = 1;
			remoteGlobalIDString = D30FE1282859E4B100122F94;
			remoteInfo = MyFirstIOS;
		};
/* End PBXContainerItemProxy section */

/* Begin PBXFileReference section */
		D30FE1292859E4B100122F94 /* MyFirstIOS.app */ = {isa = PBXFileReference; explicitFileType = wrapper.application; includeInIndex = 0; path = MyFirstIOS.app; sourceTree = BUILT_PRODUCTS_DIR; };
		D30FE12C2859E4B100122F94 /* AppDelegate.swift */ = {isa = PBXFileReference; lastKnownFileType = sourcecode.swift; path = AppDelegate.swift; sourceTree = "<group>"; };
		D30FE12E2859E4B100122F94 /* SceneDelegate.swift */ = {isa = PBXFileReference; lastKnownFileType = sourcecode.swift; path = SceneDelegate.swift; sourceTree = "<group>"; };
		D30FE1302859E4B100122F94 /* ViewController.swift */ = {isa = PBXFileReference; lastKnownFileType = sourcecode.swift; path = ViewController.swift; sourceTree = "<group>"; };
		D30FE1332859E4B100122F94 /* Base */ = {isa = PBXFileReference; lastKnownFileType = file.storyboard; name = Base; path = Base.lproj/Main.storyboard; sourceTree = "<group>"; };
		D30FE1352859E4B300122F94 /* Assets.xcassets */ = {isa = PBXFileReference; lastKnownFileType = folder.assetcatalog; path = Assets.xcassets; sourceTree = "<group>"; };
		D30FE1382859E4B300122F94 /* Base */ = {isa = PBXFileReference; lastKnownFileType = file.storyboard; name = Base; path = Base.lproj/LaunchScreen.storyboard; sourceTree = "<group>"; };
		D30FE13A2859E4B300122F94 /* Info.plist */ = {isa = PBXFileReference; lastKnownFileType = text.plist.xml; path = Info.plist; sourceTree = "<group>"; };
		D30FE13F2859E4B300122F94 /* MyFirstIOSTests.xctest */ = {isa = PBXFileReference; explicitFileType = wrapper.cfbundle; includeInIndex = 0; path = MyFirstIOSTests.xctest; sourceTree = BUILT_PRODUCTS_DIR; };
		D30FE1432859E4B300122F94 /* MyFirstIOSTests.swift */ = {isa = PBXFileReference; lastKnownFileType = sourcecode.swift; path = MyFirstIOSTests.swift; sourceTree = "<group>"; };
		D30FE1492859E4B300122F94 /* MyFirstIOSUITests.xctest */ = {isa = PBXFileReference; explicitFileType = wrapper.cfbundle; includeInIndex = 0; path = MyFirstIOSUITests.xctest; sourceTree = BUILT_PRODUCTS_DIR; };
		D30FE14D2859E4B300122F94 /* MyFirstIOSUITests.swift */ = {isa = PBXFileReference; lastKnownFileType = sourcecode.swift; path = MyFirstIOSUITests.swift; sourceTree = "<group>"; };
		D30FE14F2859E4B300122F94 /* MyFirstIOSUITestsLaunchTests.swift */ = {isa = PBXFileReference; lastKnownFileType = sourcecode.swift; path = MyFirstIOSUITestsLaunchTests.swift; sourceTree = "<group>"; };
/* End PBXFileReference section */

/* Begin PBXFrameworksBuildPhase section */
		D30FE1262859E4B100122F94 /* Frameworks */ = {
			isa = PBXFrameworksBuildPhase;
			buildActionMask = 2147483647;
			files = (
			);
			runOnlyForDeploymentPostprocessing = 0;
		};
		D30FE13C2859E4B300122F94 /* Frameworks */ = {
			isa = PBXFrameworksBuildPhase;
			buildActionMask = 2147483647;
			files = (
			);
			runOnlyForDeploymentPostprocessing = 0;
		};
		D30FE1462859E4B300122F94 /* Frameworks */ = {
			isa = PBXFrameworksBuildPhase;
			buildActionMask = 2147483647;
			files = (
			);
			runOnlyForDeploymentPostprocessing = 0;
		};
/* End PBXFrameworksBuildPhase section */

/* Begin PBXGroup section */
		D30FE1202859E4B100122F94 = {
			isa = PBXGroup;
			children = (
				D30FE12B2859E4B100122F94 /* MyFirstIOS */,
				D30FE1422859E4B300122F94 /* MyFirstIOSTests */,
				D30FE14C2859E4B300122F94 /* MyFirstIOSUITests */,
				D30FE12A2859E4B100122F94 /* Products */,
			);
			sourceTree = "<group>";
		};
		D30FE12A2859E4B100122F94 /* Products */ = {
			isa = PBXGroup;
			children = (
				D30FE1292859E4B100122F94 /* MyFirstIOS.app */,
				D30FE13F2859E4B300122F94 /* MyFirstIOSTests.xctest */,
				D30FE1492859E4B300122F94 /* MyFirstIOSUITests.xctest */,
			);
			name = Products;
			sourceTree = "<group>";
		};
		D30FE12B2859E4B100122F94 /* MyFirstIOS */ = {
			isa = PBXGroup;
			children = (
				D30FE12C2859E4B100122F94 /* AppDelegate.swift */,
				D30FE12E2859E4B100122F94 /* SceneDelegate.swift */,
				D30FE1302859E4B100122F94 /* ViewController.swift */,
				D30FE1322859E4B100122F94 /* Main.storyboard */,
				D30FE1352859E4B300122F94 /* Assets.xcassets */,
				D30FE1372859E4B300122F94 /* LaunchScreen.storyboard */,
				D30FE13A2859E4B300122F94 /* Info.plist */,
			);
			path = MyFirstIOS;
			sourceTree = "<group>";
		};
		D30FE1422859E4B300122F94 /* MyFirstIOSTests */ = {
			isa = PBXGroup;
			children = (
				D30FE1432859E4B300122F94 /* MyFirstIOSTests.swift */,
			);
			path = MyFirstIOSTests;
			sourceTree = "<group>";
		};
		D30FE14C2859E4B300122F94 /* MyFirstIOSUITests */ = {
			isa = PBXGroup;
			children = (
				D30FE14D2859E4B300122F94 /* MyFirstIOSUITests.swift */,
				D30FE14F2859E4B300122F94 /* MyFirstIOSUITestsLaunchTests.swift */,
			);
			path = MyFirstIOSUITests;
			sourceTree = "<group>";
		};
/* End PBXGroup section */

/* Begin PBXNativeTarget section */
		D30FE1282859E4B100122F94 /* MyFirstIOS */ = {
			isa = PBXNativeTarget;
			buildConfigurationList = D30FE1532859E4B300122F94 /* Build configuration list for PBXNativeTarget "MyFirstIOS" */;
			buildPhases = (
				D30FE1252859E4B100122F94 /* Sources */,
				D30FE1262859E4B100122F94 /* Frameworks */,
				D30FE1272859E4B100122F94 /* Resources */,
			);
			buildRules = (
			);
			dependencies = (
			);
			name = MyFirstIOS;
			productName = MyFirstIOS;
			productReference = D30FE1292859E4B100122F94 /* MyFirstIOS.app */;
			productType = "com.apple.product-type.application";
		};
		D30FE13E2859E4B300122F94 /* MyFirstIOSTests */ = {
			isa = PBXNativeTarget;
			buildConfigurationList = D30FE1562859E4B300122F94 /* Build configuration list for PBXNativeTarget "MyFirstIOSTests" */;
			buildPhases = (
				D30FE13B2859E4B300122F94 /* Sources */,
				D30FE13C2859E4B300122F94 /* Frameworks */,
				D30FE13D2859E4B300122F94 /* Resources */,
			);
			buildRules = (
			);
			dependencies = (
				D30FE1412859E4B300122F94 /* PBXTargetDependency */,
			);
			name = MyFirstIOSTests;
			productName = MyFirstIOSTests;
			productReference = D30FE13F2859E4B300122F94 /* MyFirstIOSTests.xctest */;
			productType = "com.apple.product-type.bundle.unit-test";
		};
		D30FE1482859E4B300122F94 /* MyFirstIOSUITests */ = {
			isa = PBXNativeTarget;
			buildConfigurationList = D30FE1592859E4B300122F94 /* Build configuration list for PBXNativeTarget "MyFirstIOSUITests" */;
			buildPhases = (
				D30FE1452859E4B300122F94 /* Sources */,
				D30FE1462859E4B300122F94 /* Frameworks */,
				D30FE1472859E4B300122F94 /* Resources */,
			);
			buildRules = (
			);
			dependencies = (
				D30FE14B2859E4B300122F94 /* PBXTargetDependency */,
			);
			name = MyFirstIOSUITests;
			productName = MyFirstIOSUITests;
			productReference = D30FE1492859E4B300122F94 /* MyFirstIOSUITests.xctest */;
			productType = "com.apple.product-type.bundle.ui-testing";
		};
/* End PBXNativeTarget section */

/* Begin PBXProject section */
		D30FE1212859E4B100122F94 /* Project object */ = {
			isa = PBXProject;
			attributes = {
				BuildIndependentTargetsInParallel = 1;
				LastSwiftUpdateCheck = 1330;
				LastUpgradeCheck = 1330;
				TargetAttributes = {
					D30FE1282859E4B100122F94 = {
						CreatedOnToolsVersion = 13.3;
					};
					D30FE13E2859E4B300122F94 = {
						CreatedOnToolsVersion = 13.3;
						TestTargetID = D30FE1282859E4B100122F94;
					};
					D30FE1482859E4B300122F94 = {
						CreatedOnToolsVersion = 13.3;
						TestTargetID = D30FE1282859E4B100122F94;
					};
				};
			};
			buildConfigurationList = D30FE1242859E4B100122F94 /* Build configuration list for PBXProject "MyFirstIOS" */;
			compatibilityVersion = "Xcode 13.0";
			developmentRegion = en;
			hasScannedForEncodings = 0;
			knownRegions = (
				en,
				Base,
			);
			mainGroup = D30FE1202859E4B100122F94;
			productRefGroup = D30FE12A2859E4B100122F94 /* Products */;
			projectDirPath = "";
			projectRoot = "";
			targets = (
				D30FE1282859E4B100122F94 /* MyFirstIOS */,
				D30FE13E2859E4B300122F94 /* MyFirstIOSTests */,
				D30FE1482859E4B300122F94 /* MyFirstIOSUITests */,
			);
		};
/* End PBXProject section */

/* Begin PBXResourcesBuildPhase section */
		D30FE1272859E4B100122F94 /* Resources */ = {
			isa = PBXResourcesBuildPhase;
			buildActionMask = 2147483647;
			files = (
				D30FE1392859E4B300122F94 /* LaunchScreen.storyboard in Resources */,
				D30FE1362859E4B300122F94 /* Assets.xcassets in Resources */,
				D30FE1342859E4B100122F94 /* Main.storyboard in Resources */,
			);
			runOnlyForDeploymentPostprocessing = 0;
		};
		D30FE13D2859E4B300122F94 /* Resources */ = {
			isa = PBXResourcesBuildPhase;
			buildActionMask = 2147483647;
			files = (
			);
			runOnlyForDeploymentPostprocessing = 0;
		};
		D30FE1472859E4B300122F94 /* Resources */ = {
			isa = PBXResourcesBuildPhase;
			buildActionMask = 2147483647;
			files = (
			);
			runOnlyForDeploymentPostprocessing = 0;
		};
/* End PBXResourcesBuildPhase section */

/* Begin PBXSourcesBuildPhase section */
		D30FE1252859E4B100122F94 /* Sources */ = {
			isa = PBXSourcesBuildPhase;
			buildActionMask = 2147483647;
			files = (
				D30FE1312859E4B100122F94 /* ViewController.swift in Sources */,
				D30FE12D2859E4B100122F94 /* AppDelegate.swift in Sources */,
				D30FE12F2859E4B100122F94 /* SceneDelegate.swift in Sources */,
			);
			runOnlyForDeploymentPostprocessing = 0;
		};
		D30FE13B2859E4B300122F94 /* Sources */ = {
			isa = PBXSourcesBuildPhase;
			buildActionMask = 2147483647;
			files = (
				D30FE1442859E4B300122F94 /* MyFirstIOSTests.swift in Sources */,
			);
			runOnlyForDeploymentPostprocessing = 0;
		};
		D30FE1452859E4B300122F94 /* Sources */ = {
			isa = PBXSourcesBuildPhase;
			buildActionMask = 2147483647;
			files = (
				D30FE14E2859E4B300122F94 /* MyFirstIOSUITests.swift in Sources */,
				D30FE1502859E4B300122F94 /* MyFirstIOSUITestsLaunchTests.swift in Sources */,
			);
			runOnlyForDeploymentPostprocessing = 0;
		};
/* End PBXSourcesBuildPhase section */

/* Begin PBXTargetDependency section */
		D30FE1412859E4B300122F94 /* PBXTargetDependency */ = {
			isa = PBXTargetDependency;
			target = D30FE1282859E4B100122F94 /* MyFirstIOS */;
			targetProxy = D30FE1402859E4B300122F94 /* PBXContainerItemProxy */;
		};
		D30FE14B2859E4B300122F94 /* PBXTargetDependency */ = {
			isa = PBXTargetDependency;
			target = D30FE1282859E4B100122F94 /* MyFirstIOS */;
			targetProxy = D30FE14A2859E4B300122F94 /* PBXContainerItemProxy */;
		};
/* End PBXTargetDependency section */

/* Begin PBXVariantGroup section */
		D30FE1322859E4B100122F94 /* Main.storyboard */ = {
			isa = PBXVariantGroup;
			children = (
				D30FE1332859E4B100122F94 /* Base */,
			);
			name = Main.storyboard;
			sourceTree = "<group>";
		};
		D30FE1372859E4B300122F94 /* LaunchScreen.storyboard */ = {
			isa = PBXVariantGroup;
			children = (
				D30FE1382859E4B300122F94 /* Base */,
			);
			name = LaunchScreen.storyboard;
			sourceTree = "<group>";
		};
/* End PBXVariantGroup section */

/* Begin XCBuildConfiguration section */
		D30FE1512859E4B300122F94 /* Debug */ = {
			isa = XCBuildConfiguration;
			buildSettings = {
				ALWAYS_SEARCH_USER_PATHS = NO;
				CLANG_ANALYZER_NONNULL = YES;
				CLANG_ANALYZER_NUMBER_OBJECT_CONVERSION = YES_AGGRESSIVE;
				CLANG_CXX_LANGUAGE_STANDARD = "gnu++17";
				CLANG_ENABLE_MODULES = YES;
				CLANG_ENABLE_OBJC_ARC = YES;
				CLANG_ENABLE_OBJC_WEAK = YES;
				CLANG_WARN_BLOCK_CAPTURE_AUTORELEASING = YES;
				CLANG_WARN_BOOL_CONVERSION = YES;
				CLANG_WARN_COMMA = YES;
				CLANG_WARN_CONSTANT_CONVERSION = YES;
				CLANG_WARN_DEPRECATED_OBJC_IMPLEMENTATIONS = YES;
				CLANG_WARN_DIRECT_OBJC_ISA_USAGE = YES_ERROR;
				CLANG_WARN_DOCUMENTATION_COMMENTS = YES;
				CLANG_WARN_EMPTY_BODY = YES;
				CLANG_WARN_ENUM_CONVERSION = YES;
				CLANG_WARN_INFINITE_RECURSION = YES;
				CLANG_WARN_INT_CONVERSION = YES;
				CLANG_WARN_NON_LITERAL_NULL_CONVERSION = YES;
				CLANG_WARN_OBJC_IMPLICIT_RETAIN_SELF = YES;
				CLANG_WARN_OBJC_LITERAL_CONVERSION = YES;
				CLANG_WARN_OBJC_ROOT_CLASS = YES_ERROR;
				CLANG_WARN_QUOTED_INCLUDE_IN_FRAMEWORK_HEADER = YES;
				CLANG_WARN_RANGE_LOOP_ANALYSIS = YES;
				CLANG_WARN_STRICT_PROTOTYPES = YES;
				CLANG_WARN_SUSPICIOUS_MOVE = YES;
				CLANG_WARN_UNGUARDED_AVAILABILITY = YES_AGGRESSIVE;
				CLANG_WARN_UNREACHABLE_CODE = YES;
				CLANG_WARN__DUPLICATE_METHOD_MATCH = YES;
				COPY_PHASE_STRIP = NO;
				DEBUG_INFORMATION_FORMAT = dwarf;
				ENABLE_STRICT_OBJC_MSGSEND = YES;
				ENABLE_TESTABILITY = YES;
				GCC_C_LANGUAGE_STANDARD = gnu11;
				GCC_DYNAMIC_NO_PIC = NO;
				GCC_NO_COMMON_BLOCKS = YES;
				GCC_OPTIMIZATION_LEVEL = 0;
				GCC_PREPROCESSOR_DEFINITIONS = (
					"DEBUG=1",
					"$(inherited)",
				);
				GCC_WARN_64_TO_32_BIT_CONVERSION = YES;
				GCC_WARN_ABOUT_RETURN_TYPE = YES_ERROR;
				GCC_WARN_UNDECLARED_SELECTOR = YES;
				GCC_WARN_UNINITIALIZED_AUTOS = YES_AGGRESSIVE;
				GCC_WARN_UNUSED_FUNCTION = YES;
				GCC_WARN_UNUSED_VARIABLE = YES;
				IPHONEOS_DEPLOYMENT_TARGET = 15.4;
				MTL_ENABLE_DEBUG_INFO = INCLUDE_SOURCE;
				MTL_FAST_MATH = YES;
				ONLY_ACTIVE_ARCH = YES;
				SDKROOT = iphoneos;
				SWIFT_ACTIVE_COMPILATION_CONDITIONS = DEBUG;
				SWIFT_OPTIMIZATION_LEVEL = "-Onone";
			};
			name = Debug;
		};
		D30FE1522859E4B300122F94 /* Release */ = {
			isa = XCBuildConfiguration;
			buildSettings = {
				ALWAYS_SEARCH_USER_PATHS = NO;
				CLANG_ANALYZER_NONNULL = YES;
				CLANG_ANALYZER_NUMBER_OBJECT_CONVERSION = YES_AGGRESSIVE;
				CLANG_CXX_LANGUAGE_STANDARD = "gnu++17";
				CLANG_ENABLE_MODULES = YES;
				CLANG_ENABLE_OBJC_ARC = YES;
				CLANG_ENABLE_OBJC_WEAK = YES;
				CLANG_WARN_BLOCK_CAPTURE_AUTORELEASING = YES;
				CLANG_WARN_BOOL_CONVERSION = YES;
				CLANG_WARN_COMMA = YES;
				CLANG_WARN_CONSTANT_CONVERSION = YES;
				CLANG_WARN_DEPRECATED_OBJC_IMPLEMENTATIONS = YES;
				CLANG_WARN_DIRECT_OBJC_ISA_USAGE = YES_ERROR;
				CLANG_WARN_DOCUMENTATION_COMMENTS = YES;
				CLANG_WARN_EMPTY_BODY = YES;
				CLANG_WARN_ENUM_CONVERSION = YES;
				CLANG_WARN_INFINITE_RECURSION = YES;
				CLANG_WARN_INT_CONVERSION = YES;
				CLANG_WARN_NON_LITERAL_NULL_CONVERSION = YES;
				CLANG_WARN_OBJC_IMPLICIT_RETAIN_SELF = YES;
				CLANG_WARN_OBJC_LITERAL_CONVERSION = YES;
				CLANG_WARN_OBJC_ROOT_CLASS = YES_ERROR;
				CLANG_WARN_QUOTED_INCLUDE_IN_FRAMEWORK_HEADER = YES;
				CLANG_WARN_RANGE_LOOP_ANALYSIS = YES;
				CLANG_WARN_STRICT_PROTOTYPES = YES;
				CLANG_WARN_SUSPICIOUS_MOVE = YES;
				CLANG_WARN_UNGUARDED_AVAILABILITY = YES_AGGRESSIVE;
				CLANG_WARN_UNREACHABLE_CODE = YES;
				CLANG_WARN__DUPLICATE_METHOD_MATCH = YES;
				COPY_PHASE_STRIP = NO;
				DEBUG_INFORMATION_FORMAT = "dwarf-with-dsym";
				ENABLE_NS_ASSERTIONS = NO;
				ENABLE_STRICT_OBJC_MSGSEND = YES;
				GCC_C_LANGUAGE_STANDARD = gnu11;
				GCC_NO_COMMON_BLOCKS = YES;
				GCC_WARN_64_TO_32_BIT_CONVERSION = YES;
				GCC_WARN_ABOUT_RETURN_TYPE = YES_ERROR;
				GCC_WARN_UNDECLARED_SELECTOR = YES;
				GCC_WARN_UNINITIALIZED_AUTOS = YES_AGGRESSIVE;
				GCC_WARN_UNUSED_FUNCTION = YES;
				GCC_WARN_UNUSED_VARIABLE = YES;
				IPHONEOS_DEPLOYMENT_TARGET = 15.4;
				MTL_ENABLE_DEBUG_INFO = NO;
				MTL_FAST_MATH = YES;
				SDKROOT = iphoneos;
				SWIFT_COMPILATION_MODE = wholemodule;
				SWIFT_OPTIMIZATION_LEVEL = "-O";
				VALIDATE_PRODUCT = YES;
			};
			name = Release;
		};
		D30FE1542859E4B300122F94 /* Debug */ = {
			isa = XCBuildConfiguration;
			buildSettings = {
				ASSETCATALOG_COMPILER_APPICON_NAME = AppIcon;
				ASSETCATALOG_COMPILER_GLOBAL_ACCENT_COLOR_NAME = AccentColor;
				CODE_SIGN_STYLE = Automatic;
				CURRENT_PROJECT_VERSION = 1;
				GENERATE_INFOPLIST_FILE = YES;
				INFOPLIST_FILE = MyFirstIOS/Info.plist;
				INFOPLIST_KEY_UIApplicationSupportsIndirectInputEvents = YES;
				INFOPLIST_KEY_UILaunchStoryboardName = LaunchScreen;
				INFOPLIST_KEY_UIMainStoryboardFile = Main;
				INFOPLIST_KEY_UISupportedInterfaceOrientations_iPad = "UIInterfaceOrientationPortrait UIInterfaceOrientationPortraitUpsideDown UIInterfaceOrientationLandscapeLeft UIInterfaceOrientationLandscapeRight";
				INFOPLIST_KEY_UISupportedInterfaceOrientations_iPhone = "UIInterfaceOrientationPortrait UIInterfaceOrientationLandscapeLeft UIInterfaceOrientationLandscapeRight";
				LD_RUNPATH_SEARCH_PATHS = (
					"$(inherited)",
					"@executable_path/Frameworks",
				);
				MARKETING_VERSION = 1.0;
				PRODUCT_BUNDLE_IDENTIFIER = jungwha.MyFirstIOS;
				PRODUCT_NAME = "$(TARGET_NAME)";
				SWIFT_EMIT_LOC_STRINGS = YES;
				SWIFT_VERSION = 5.0;
				TARGETED_DEVICE_FAMILY = "1,2";
			};
			name = Debug;
		};
		D30FE1552859E4B300122F94 /* Release */ = {
			isa = XCBuildConfiguration;
			buildSettings = {
				ASSETCATALOG_COMPILER_APPICON_NAME = AppIcon;
				ASSETCATALOG_COMPILER_GLOBAL_ACCENT_COLOR_NAME = AccentColor;
				CODE_SIGN_STYLE = Automatic;
				CURRENT_PROJECT_VERSION = 1;
				GENERATE_INFOPLIST_FILE = YES;
				INFOPLIST_FILE = MyFirstIOS/Info.plist;
				INFOPLIST_KEY_UIApplicationSupportsIndirectInputEvents = YES;
				INFOPLIST_KEY_UILaunchStoryboardName = LaunchScreen;
				INFOPLIST_KEY_UIMainStoryboardFile = Main;
				INFOPLIST_KEY_UISupportedInterfaceOrientations_iPad = "UIInterfaceOrientationPortrait UIInterfaceOrientationPortraitUpsideDown UIInterfaceOrientationLandscapeLeft UIInterfaceOrientationLandscapeRight";
				INFOPLIST_KEY_UISupportedInterfaceOrientations_iPhone = "UIInterfaceOrientationPortrait UIInterfaceOrientationLandscapeLeft UIInterfaceOrientationLandscapeRight";
				LD_RUNPATH_SEARCH_PATHS = (
					"$(inherited)",
					"@executable_path/Frameworks",
				);
				MARKETING_VERSION = 1.0;
				PRODUCT_BUNDLE_IDENTIFIER = jungwha.MyFirstIOS;
				PRODUCT_NAME = "$(TARGET_NAME)";
				SWIFT_EMIT_LOC_STRINGS = YES;
				SWIFT_VERSION = 5.0;
				TARGETED_DEVICE_FAMILY = "1,2";
			};
			name = Release;
		};
		D30FE1572859E4B300122F94 /* Debug */ = {
			isa = XCBuildConfiguration;
			buildSettings = {
				ALWAYS_EMBED_SWIFT_STANDARD_LIBRARIES = YES;
				BUNDLE_LOADER = "$(TEST_HOST)";
				CODE_SIGN_STYLE = Automatic;
				CURRENT_PROJECT_VERSION = 1;
				GENERATE_INFOPLIST_FILE = YES;
				IPHONEOS_DEPLOYMENT_TARGET = 15.4;
				MARKETING_VERSION = 1.0;
				PRODUCT_BUNDLE_IDENTIFIER = jungwha.MyFirstIOSTests;
				PRODUCT_NAME = "$(TARGET_NAME)";
				SWIFT_EMIT_LOC_STRINGS = NO;
				SWIFT_VERSION = 5.0;
				TARGETED_DEVICE_FAMILY = "1,2";
				TEST_HOST = "$(BUILT_PRODUCTS_DIR)/MyFirstIOS.app/MyFirstIOS";
			};
			name = Debug;
		};
		D30FE1582859E4B300122F94 /* Release */ = {
			isa = XCBuildConfiguration;
			buildSettings = {
				ALWAYS_EMBED_SWIFT_STANDARD_LIBRARIES = YES;
				BUNDLE_LOADER = "$(TEST_HOST)";
				CODE_SIGN_STYLE = Automatic;
				CURRENT_PROJECT_VERSION = 1;
				GENERATE_INFOPLIST_FILE = YES;
				IPHONEOS_DEPLOYMENT_TARGET = 15.4;
				MARKETING_VERSION = 1.0;
				PRODUCT_BUNDLE_IDENTIFIER = jungwha.MyFirstIOSTests;
				PRODUCT_NAME = "$(TARGET_NAME)";
				SWIFT_EMIT_LOC_STRINGS = NO;
				SWIFT_VERSION = 5.0;
				TARGETED_DEVICE_FAMILY = "1,2";
				TEST_HOST = "$(BUILT_PRODUCTS_DIR)/MyFirstIOS.app/MyFirstIOS";
			};
			name = Release;
		};
		D30FE15A2859E4B300122F94 /* Debug */ = {
			isa = XCBuildConfiguration;
			buildSettings = {
				ALWAYS_EMBED_SWIFT_STANDARD_LIBRARIES = YES;
				CODE_SIGN_STYLE = Automatic;
				CURRENT_PROJECT_VERSION = 1;
				GENERATE_INFOPLIST_FILE = YES;
				MARKETING_VERSION = 1.0;
				PRODUCT_BUNDLE_IDENTIFIER = jungwha.MyFirstIOSUITests;
				PRODUCT_NAME = "$(TARGET_NAME)";
				SWIFT_EMIT_LOC_STRINGS = NO;
				SWIFT_VERSION = 5.0;
				TARGETED_DEVICE_FAMILY = "1,2";
				TEST_TARGET_NAME = MyFirstIOS;
			};
			name = Debug;
		};
		D30FE15B2859E4B300122F94 /* Release */ = {
			isa = XCBuildConfiguration;
			buildSettings = {
				ALWAYS_EMBED_SWIFT_STANDARD_LIBRARIES = YES;
				CODE_SIGN_STYLE = Automatic;
				CURRENT_PROJECT_VERSION = 1;
				GENERATE_INFOPLIST_FILE = YES;
				MARKETING_VERSION = 1.0;
				PRODUCT_BUNDLE_IDENTIFIER = jungwha.MyFirstIOSUITests;
				PRODUCT_NAME = "$(TARGET_NAME)";
				SWIFT_EMIT_LOC_STRINGS = NO;
				SWIFT_VERSION = 5.0;
				TARGETED_DEVICE_FAMILY = "1,2";
				TEST_TARGET_NAME = MyFirstIOS;
			};
			name = Release;
		};
/* End XCBuildConfiguration section */

/* Begin XCConfigurationList section */
		D30FE1242859E4B100122F94 /* Build configuration list for PBXProject "MyFirstIOS" */ = {
			isa = XCConfigurationList;
			buildConfigurations = (
				D30FE1512859E4B300122F94 /* Debug */,
				D30FE1522859E4B300122F94 /* Release */,
			);
			defaultConfigurationIsVisible = 0;
			defaultConfigurationName = Release;
		};
		D30FE1532859E4B300122F94 /* Build configuration list for PBXNativeTarget "MyFirstIOS" */ = {
			isa = XCConfigurationList;
			buildConfigurations = (
				D30FE1542859E4B300122F94 /* Debug */,
				D30FE1552859E4B300122F94 /* Release */,
			);
			defaultConfigurationIsVisible = 0;
			defaultConfigurationName = Release;
		};
		D30FE1562859E4B300122F94 /* Build configuration list for PBXNativeTarget "MyFirstIOSTests" */ = {
			isa = XCConfigurationList;
			buildConfigurations = (
				D30FE1572859E4B300122F94 /* Debug */,
				D30FE1582859E4B300122F94 /* Release */,
			);
			defaultConfigurationIsVisible = 0;
			defaultConfigurationName = Release;
		};
		D30FE1592859E4B300122F94 /* Build configuration list for PBXNativeTarget "MyFirstIOSUITests" */ = {
			isa = XCConfigurationList;
			buildConfigurations = (
				D30FE15A2859E4B300122F94 /* Debug */,
				D30FE15B2859E4B300122F94 /* Release */,
			);
			defaultConfigurationIsVisible = 0;
			defaultConfigurationName = Release;
		};
/* End XCConfigurationList section */
	};
	rootObject = D30FE1212859E4B100122F94 /* Project object */;
}
